// !$*UTF8*$!
{
	archiveVersion = 1;
	classes = {
	};
	objectVersion = 50;
	objects = {

/* Begin PBXBuildFile section */
		116B94F524222544002D2D72 /* Extension.swift in Sources */ = {isa = PBXBuildFile; fileRef = 116B94F424222544002D2D72 /* Extension.swift */; };
		116B94F924223650002D2D72 /* QiAssetPreviewController.swift in Sources */ = {isa = PBXBuildFile; fileRef = 116B94F824223650002D2D72 /* QiAssetPreviewController.swift */; };
		188E2F6923F28AEE0071291E /* AppDelegate.swift in Sources */ = {isa = PBXBuildFile; fileRef = 188E2F6823F28AEE0071291E /* AppDelegate.swift */; };
		188E2F6B23F28AEE0071291E /* SceneDelegate.swift in Sources */ = {isa = PBXBuildFile; fileRef = 188E2F6A23F28AEE0071291E /* SceneDelegate.swift */; };
		188E2F6D23F28AEE0071291E /* ViewController.swift in Sources */ = {isa = PBXBuildFile; fileRef = 188E2F6C23F28AEE0071291E /* ViewController.swift */; };
		188E2F7023F28AEE0071291E /* Main.storyboard in Resources */ = {isa = PBXBuildFile; fileRef = 188E2F6E23F28AEE0071291E /* Main.storyboard */; };
		188E2F7223F28AEF0071291E /* Assets.xcassets in Resources */ = {isa = PBXBuildFile; fileRef = 188E2F7123F28AEF0071291E /* Assets.xcassets */; };
		188E2F7523F28AEF0071291E /* LaunchScreen.storyboard in Resources */ = {isa = PBXBuildFile; fileRef = 188E2F7323F28AEF0071291E /* LaunchScreen.storyboard */; };
		188E2F8023F28AEF0071291E /* QiImagePickerControllerTests.swift in Sources */ = {isa = PBXBuildFile; fileRef = 188E2F7F23F28AEF0071291E /* QiImagePickerControllerTests.swift */; };
		188E2F8B23F28AEF0071291E /* QiImagePickerControllerUITests.swift in Sources */ = {isa = PBXBuildFile; fileRef = 188E2F8A23F28AEF0071291E /* QiImagePickerControllerUITests.swift */; };
		1895979623FD31EB0019178B /* QiAlbumView.swift in Sources */ = {isa = PBXBuildFile; fileRef = 1895979523FD31EB0019178B /* QiAlbumView.swift */; };
		1895979823FD32750019178B /* QiAlbumCell.swift in Sources */ = {isa = PBXBuildFile; fileRef = 1895979723FD32750019178B /* QiAlbumCell.swift */; };
		189F285323F28F1500988ACE /* QiImagePickerController.swift in Sources */ = {isa = PBXBuildFile; fileRef = 189F285223F28F1500988ACE /* QiImagePickerController.swift */; };
		189F285523F2908D00988ACE /* QiAlbumViewController.swift in Sources */ = {isa = PBXBuildFile; fileRef = 189F285423F2908D00988ACE /* QiAlbumViewController.swift */; };
		189F285923F5465C00988ACE /* QiAlbumModel.swift in Sources */ = {isa = PBXBuildFile; fileRef = 189F285823F5465C00988ACE /* QiAlbumModel.swift */; };
		189F285B23F54A6200988ACE /* QiAssetModel.swift in Sources */ = {isa = PBXBuildFile; fileRef = 189F285A23F54A6200988ACE /* QiAssetModel.swift */; };
		189F285D23F64E2E00988ACE /* QiImagePikerManager.swift in Sources */ = {isa = PBXBuildFile; fileRef = 189F285C23F64E2E00988ACE /* QiImagePikerManager.swift */; };
		189F285F23F6996900988ACE /* QiPhotoViewController.swift in Sources */ = {isa = PBXBuildFile; fileRef = 189F285E23F6996900988ACE /* QiPhotoViewController.swift */; };
		189F286123F6BAC700988ACE /* QiPhotoCell.swift in Sources */ = {isa = PBXBuildFile; fileRef = 189F286023F6BAC700988ACE /* QiPhotoCell.swift */; };
		18BE3EB023FD1F66000B7F7F /* icon_video@2x.png in Resources */ = {isa = PBXBuildFile; fileRef = 18BE3EAF23FD1F66000B7F7F /* icon_video@2x.png */; };
		B60EE21D24231A4500DA7FDE /* QiAssetPreview.swift in Sources */ = {isa = PBXBuildFile; fileRef = B60EE21C24231A4500DA7FDE /* QiAssetPreview.swift */; };
		B60EE21F24231D0100DA7FDE /* QiPhotoPreview.swift in Sources */ = {isa = PBXBuildFile; fileRef = B60EE21E24231D0100DA7FDE /* QiPhotoPreview.swift */; };
		B60EE2302423413400DA7FDE /* FrameStore.swift in Sources */ = {isa = PBXBuildFile; fileRef = B60EE2242423413400DA7FDE /* FrameStore.swift */; };
		B60EE2312423413400DA7FDE /* GIFAnimatable.swift in Sources */ = {isa = PBXBuildFile; fileRef = B60EE2252423413400DA7FDE /* GIFAnimatable.swift */; };
		B60EE2322423413400DA7FDE /* AnimatedFrame.swift in Sources */ = {isa = PBXBuildFile; fileRef = B60EE2262423413400DA7FDE /* AnimatedFrame.swift */; };
		B60EE2332423413400DA7FDE /* Animator.swift in Sources */ = {isa = PBXBuildFile; fileRef = B60EE2272423413400DA7FDE /* Animator.swift */; };
		B60EE2342423413400DA7FDE /* GIFImageView.swift in Sources */ = {isa = PBXBuildFile; fileRef = B60EE2282423413400DA7FDE /* GIFImageView.swift */; };
		B60EE2352423413400DA7FDE /* Array.swift in Sources */ = {isa = PBXBuildFile; fileRef = B60EE22A2423413400DA7FDE /* Array.swift */; };
		B60EE2362423413400DA7FDE /* CGSize.swift in Sources */ = {isa = PBXBuildFile; fileRef = B60EE22B2423413400DA7FDE /* CGSize.swift */; };
		B60EE2372423413400DA7FDE /* UIImage.swift in Sources */ = {isa = PBXBuildFile; fileRef = B60EE22C2423413400DA7FDE /* UIImage.swift */; };
		B60EE2382423413400DA7FDE /* UIImageView.swift in Sources */ = {isa = PBXBuildFile; fileRef = B60EE22D2423413400DA7FDE /* UIImageView.swift */; };
		B60EE2392423413400DA7FDE /* ImageSourceHelpers.swift in Sources */ = {isa = PBXBuildFile; fileRef = B60EE22F2423413400DA7FDE /* ImageSourceHelpers.swift */; };
		B60EE23B24234F1900DA7FDE /* QiVideoPreview.swift in Sources */ = {isa = PBXBuildFile; fileRef = B60EE23A24234F1900DA7FDE /* QiVideoPreview.swift */; };
		B60EE23D2423587C00DA7FDE /* QiLivePhotoPreview.swift in Sources */ = {isa = PBXBuildFile; fileRef = B60EE23C2423587C00DA7FDE /* QiLivePhotoPreview.swift */; };
		B60EE23F24235E9D00DA7FDE /* QiAssetPreviewCell.swift in Sources */ = {isa = PBXBuildFile; fileRef = B60EE23E24235E9D00DA7FDE /* QiAssetPreviewCell.swift */; };
		B60EE24324235FE500DA7FDE /* QiAssetPagePreviewer.swift in Sources */ = {isa = PBXBuildFile; fileRef = B60EE24224235FE500DA7FDE /* QiAssetPagePreviewer.swift */; };
		B60EE24524236E8000DA7FDE /* icon_play@2x.png in Resources */ = {isa = PBXBuildFile; fileRef = B60EE24424236E8000DA7FDE /* icon_play@2x.png */; };
		B62A4E402428B8520062CC44 /* QiAssetPreviewTopView.swift in Sources */ = {isa = PBXBuildFile; fileRef = B62A4E3F2428B8520062CC44 /* QiAssetPreviewTopView.swift */; };
		B62A4E422428B86C0062CC44 /* QiAssetPickerBottomView.swift in Sources */ = {isa = PBXBuildFile; fileRef = B62A4E412428B86C0062CC44 /* QiAssetPickerBottomView.swift */; };
		B62A4E442428B9620062CC44 /* icon_navi_back@2x.png in Resources */ = {isa = PBXBuildFile; fileRef = B62A4E432428B9620062CC44 /* icon_navi_back@2x.png */; };
		B62A4E462428C2CC0062CC44 /* icon_navi_mark@2x.png in Resources */ = {isa = PBXBuildFile; fileRef = B62A4E452428C2CC0062CC44 /* icon_navi_mark@2x.png */; };
		B6534EC9242D9F3B0060D62E /* QiAssetPreviewBottomView.swift in Sources */ = {isa = PBXBuildFile; fileRef = B6534EC8242D9F3B0060D62E /* QiAssetPreviewBottomView.swift */; };
		B6534ED0242DA9120060D62E /* icon_bottom_select@3x.png in Resources */ = {isa = PBXBuildFile; fileRef = B6534ECC242DA9120060D62E /* icon_bottom_select@3x.png */; };
		B6534ED1242DA9120060D62E /* icon_bottom_select@2x.png in Resources */ = {isa = PBXBuildFile; fileRef = B6534ECD242DA9120060D62E /* icon_bottom_select@2x.png */; };
		B6534ED2242DA9120060D62E /* icon_bottom_unselected@2x.png in Resources */ = {isa = PBXBuildFile; fileRef = B6534ECE242DA9120060D62E /* icon_bottom_unselected@2x.png */; };
		B6534ED3242DA9120060D62E /* icon_bottom_unselected@3x.png in Resources */ = {isa = PBXBuildFile; fileRef = B6534ECF242DA9120060D62E /* icon_bottom_unselected@3x.png */; };
/* End PBXBuildFile section */

/* Begin PBXContainerItemProxy section */
		188E2F7C23F28AEF0071291E /* PBXContainerItemProxy */ = {
			isa = PBXContainerItemProxy;
			containerPortal = 188E2F5D23F28AED0071291E /* Project object */;
			proxyType = 1;
			remoteGlobalIDString = 188E2F6423F28AED0071291E;
			remoteInfo = QiImagePickerController;
		};
		188E2F8723F28AEF0071291E /* PBXContainerItemProxy */ = {
			isa = PBXContainerItemProxy;
			containerPortal = 188E2F5D23F28AED0071291E /* Project object */;
			proxyType = 1;
			remoteGlobalIDString = 188E2F6423F28AED0071291E;
			remoteInfo = QiImagePickerController;
		};
/* End PBXContainerItemProxy section */

/* Begin PBXFileReference section */
		116B94F424222544002D2D72 /* Extension.swift */ = {isa = PBXFileReference; lastKnownFileType = sourcecode.swift; path = Extension.swift; sourceTree = "<group>"; };
		116B94F624222BCD002D2D72 /* zh-Hans */ = {isa = PBXFileReference; lastKnownFileType = text.plist.strings; name = "zh-Hans"; path = "zh-Hans.lproj/Main.strings"; sourceTree = "<group>"; };
		116B94F724222BCD002D2D72 /* zh-Hans */ = {isa = PBXFileReference; lastKnownFileType = text.plist.strings; name = "zh-Hans"; path = "zh-Hans.lproj/LaunchScreen.strings"; sourceTree = "<group>"; };
		116B94F824223650002D2D72 /* QiAssetPreviewController.swift */ = {isa = PBXFileReference; lastKnownFileType = sourcecode.swift; path = QiAssetPreviewController.swift; sourceTree = "<group>"; };
		188E2F6523F28AEE0071291E /* QiImagePickerController.app */ = {isa = PBXFileReference; explicitFileType = wrapper.application; includeInIndex = 0; path = QiImagePickerController.app; sourceTree = BUILT_PRODUCTS_DIR; };
		188E2F6823F28AEE0071291E /* AppDelegate.swift */ = {isa = PBXFileReference; lastKnownFileType = sourcecode.swift; path = AppDelegate.swift; sourceTree = "<group>"; };
		188E2F6A23F28AEE0071291E /* SceneDelegate.swift */ = {isa = PBXFileReference; lastKnownFileType = sourcecode.swift; path = SceneDelegate.swift; sourceTree = "<group>"; };
		188E2F6C23F28AEE0071291E /* ViewController.swift */ = {isa = PBXFileReference; lastKnownFileType = sourcecode.swift; path = ViewController.swift; sourceTree = "<group>"; };
		188E2F6F23F28AEE0071291E /* Base */ = {isa = PBXFileReference; lastKnownFileType = file.storyboard; name = Base; path = Base.lproj/Main.storyboard; sourceTree = "<group>"; };
		188E2F7123F28AEF0071291E /* Assets.xcassets */ = {isa = PBXFileReference; lastKnownFileType = folder.assetcatalog; path = Assets.xcassets; sourceTree = "<group>"; };
		188E2F7423F28AEF0071291E /* Base */ = {isa = PBXFileReference; lastKnownFileType = file.storyboard; name = Base; path = Base.lproj/LaunchScreen.storyboard; sourceTree = "<group>"; };
		188E2F7623F28AEF0071291E /* Info.plist */ = {isa = PBXFileReference; lastKnownFileType = text.plist.xml; path = Info.plist; sourceTree = "<group>"; };
		188E2F7B23F28AEF0071291E /* QiImagePickerControllerTests.xctest */ = {isa = PBXFileReference; explicitFileType = wrapper.cfbundle; includeInIndex = 0; path = QiImagePickerControllerTests.xctest; sourceTree = BUILT_PRODUCTS_DIR; };
		188E2F7F23F28AEF0071291E /* QiImagePickerControllerTests.swift */ = {isa = PBXFileReference; lastKnownFileType = sourcecode.swift; path = QiImagePickerControllerTests.swift; sourceTree = "<group>"; };
		188E2F8123F28AEF0071291E /* Info.plist */ = {isa = PBXFileReference; lastKnownFileType = text.plist.xml; path = Info.plist; sourceTree = "<group>"; };
		188E2F8623F28AEF0071291E /* QiImagePickerControllerUITests.xctest */ = {isa = PBXFileReference; explicitFileType = wrapper.cfbundle; includeInIndex = 0; path = QiImagePickerControllerUITests.xctest; sourceTree = BUILT_PRODUCTS_DIR; };
		188E2F8A23F28AEF0071291E /* QiImagePickerControllerUITests.swift */ = {isa = PBXFileReference; lastKnownFileType = sourcecode.swift; path = QiImagePickerControllerUITests.swift; sourceTree = "<group>"; };
		188E2F8C23F28AEF0071291E /* Info.plist */ = {isa = PBXFileReference; lastKnownFileType = text.plist.xml; path = Info.plist; sourceTree = "<group>"; };
		1895979523FD31EB0019178B /* QiAlbumView.swift */ = {isa = PBXFileReference; lastKnownFileType = sourcecode.swift; path = QiAlbumView.swift; sourceTree = "<group>"; };
		1895979723FD32750019178B /* QiAlbumCell.swift */ = {isa = PBXFileReference; lastKnownFileType = sourcecode.swift; path = QiAlbumCell.swift; sourceTree = "<group>"; };
		189F285223F28F1500988ACE /* QiImagePickerController.swift */ = {isa = PBXFileReference; lastKnownFileType = sourcecode.swift; path = QiImagePickerController.swift; sourceTree = "<group>"; };
		189F285423F2908D00988ACE /* QiAlbumViewController.swift */ = {isa = PBXFileReference; lastKnownFileType = sourcecode.swift; path = QiAlbumViewController.swift; sourceTree = "<group>"; };
		189F285823F5465C00988ACE /* QiAlbumModel.swift */ = {isa = PBXFileReference; lastKnownFileType = sourcecode.swift; path = QiAlbumModel.swift; sourceTree = "<group>"; };
		189F285A23F54A6200988ACE /* QiAssetModel.swift */ = {isa = PBXFileReference; lastKnownFileType = sourcecode.swift; path = QiAssetModel.swift; sourceTree = "<group>"; };
		189F285C23F64E2E00988ACE /* QiImagePikerManager.swift */ = {isa = PBXFileReference; lastKnownFileType = sourcecode.swift; path = QiImagePikerManager.swift; sourceTree = "<group>"; };
		189F285E23F6996900988ACE /* QiPhotoViewController.swift */ = {isa = PBXFileReference; lastKnownFileType = sourcecode.swift; path = QiPhotoViewController.swift; sourceTree = "<group>"; };
		189F286023F6BAC700988ACE /* QiPhotoCell.swift */ = {isa = PBXFileReference; lastKnownFileType = sourcecode.swift; path = QiPhotoCell.swift; sourceTree = "<group>"; };
		18BE3EAF23FD1F66000B7F7F /* icon_video@2x.png */ = {isa = PBXFileReference; lastKnownFileType = image.png; path = "icon_video@2x.png"; sourceTree = "<group>"; };
		B60EE21C24231A4500DA7FDE /* QiAssetPreview.swift */ = {isa = PBXFileReference; lastKnownFileType = sourcecode.swift; path = QiAssetPreview.swift; sourceTree = "<group>"; };
		B60EE21E24231D0100DA7FDE /* QiPhotoPreview.swift */ = {isa = PBXFileReference; lastKnownFileType = sourcecode.swift; path = QiPhotoPreview.swift; sourceTree = "<group>"; };
		B60EE2212423413400DA7FDE /* Gifu.h */ = {isa = PBXFileReference; fileEncoding = 4; lastKnownFileType = sourcecode.c.h; path = Gifu.h; sourceTree = "<group>"; };
		B60EE2242423413400DA7FDE /* FrameStore.swift */ = {isa = PBXFileReference; fileEncoding = 4; lastKnownFileType = sourcecode.swift; path = FrameStore.swift; sourceTree = "<group>"; };
		B60EE2252423413400DA7FDE /* GIFAnimatable.swift */ = {isa = PBXFileReference; fileEncoding = 4; lastKnownFileType = sourcecode.swift; path = GIFAnimatable.swift; sourceTree = "<group>"; };
		B60EE2262423413400DA7FDE /* AnimatedFrame.swift */ = {isa = PBXFileReference; fileEncoding = 4; lastKnownFileType = sourcecode.swift; path = AnimatedFrame.swift; sourceTree = "<group>"; };
		B60EE2272423413400DA7FDE /* Animator.swift */ = {isa = PBXFileReference; fileEncoding = 4; lastKnownFileType = sourcecode.swift; path = Animator.swift; sourceTree = "<group>"; };
		B60EE2282423413400DA7FDE /* GIFImageView.swift */ = {isa = PBXFileReference; fileEncoding = 4; lastKnownFileType = sourcecode.swift; path = GIFImageView.swift; sourceTree = "<group>"; };
		B60EE22A2423413400DA7FDE /* Array.swift */ = {isa = PBXFileReference; fileEncoding = 4; lastKnownFileType = sourcecode.swift; path = Array.swift; sourceTree = "<group>"; };
		B60EE22B2423413400DA7FDE /* CGSize.swift */ = {isa = PBXFileReference; fileEncoding = 4; lastKnownFileType = sourcecode.swift; path = CGSize.swift; sourceTree = "<group>"; };
		B60EE22C2423413400DA7FDE /* UIImage.swift */ = {isa = PBXFileReference; fileEncoding = 4; lastKnownFileType = sourcecode.swift; path = UIImage.swift; sourceTree = "<group>"; };
		B60EE22D2423413400DA7FDE /* UIImageView.swift */ = {isa = PBXFileReference; fileEncoding = 4; lastKnownFileType = sourcecode.swift; path = UIImageView.swift; sourceTree = "<group>"; };
		B60EE22F2423413400DA7FDE /* ImageSourceHelpers.swift */ = {isa = PBXFileReference; fileEncoding = 4; lastKnownFileType = sourcecode.swift; path = ImageSourceHelpers.swift; sourceTree = "<group>"; };
		B60EE23A24234F1900DA7FDE /* QiVideoPreview.swift */ = {isa = PBXFileReference; lastKnownFileType = sourcecode.swift; path = QiVideoPreview.swift; sourceTree = "<group>"; };
		B60EE23C2423587C00DA7FDE /* QiLivePhotoPreview.swift */ = {isa = PBXFileReference; lastKnownFileType = sourcecode.swift; path = QiLivePhotoPreview.swift; sourceTree = "<group>"; };
		B60EE23E24235E9D00DA7FDE /* QiAssetPreviewCell.swift */ = {isa = PBXFileReference; lastKnownFileType = sourcecode.swift; path = QiAssetPreviewCell.swift; sourceTree = "<group>"; };
		B60EE24224235FE500DA7FDE /* QiAssetPagePreviewer.swift */ = {isa = PBXFileReference; lastKnownFileType = sourcecode.swift; path = QiAssetPagePreviewer.swift; sourceTree = "<group>"; };
		B60EE24424236E8000DA7FDE /* icon_play@2x.png */ = {isa = PBXFileReference; lastKnownFileType = image.png; path = "icon_play@2x.png"; sourceTree = "<group>"; };
		B62A4E3F2428B8520062CC44 /* QiAssetPreviewTopView.swift */ = {isa = PBXFileReference; lastKnownFileType = sourcecode.swift; path = QiAssetPreviewTopView.swift; sourceTree = "<group>"; };
		B62A4E412428B86C0062CC44 /* QiAssetPickerBottomView.swift */ = {isa = PBXFileReference; lastKnownFileType = sourcecode.swift; path = QiAssetPickerBottomView.swift; sourceTree = "<group>"; };
		B62A4E432428B9620062CC44 /* icon_navi_back@2x.png */ = {isa = PBXFileReference; lastKnownFileType = image.png; path = "icon_navi_back@2x.png"; sourceTree = "<group>"; };
		B62A4E452428C2CC0062CC44 /* icon_navi_mark@2x.png */ = {isa = PBXFileReference; lastKnownFileType = image.png; path = "icon_navi_mark@2x.png"; sourceTree = "<group>"; };
		B6534EC8242D9F3B0060D62E /* QiAssetPreviewBottomView.swift */ = {isa = PBXFileReference; lastKnownFileType = sourcecode.swift; path = QiAssetPreviewBottomView.swift; sourceTree = "<group>"; };
		B6534ECC242DA9120060D62E /* icon_bottom_select@3x.png */ = {isa = PBXFileReference; lastKnownFileType = image.png; path = "icon_bottom_select@3x.png"; sourceTree = "<group>"; };
		B6534ECD242DA9120060D62E /* icon_bottom_select@2x.png */ = {isa = PBXFileReference; lastKnownFileType = image.png; path = "icon_bottom_select@2x.png"; sourceTree = "<group>"; };
		B6534ECE242DA9120060D62E /* icon_bottom_unselected@2x.png */ = {isa = PBXFileReference; lastKnownFileType = image.png; path = "icon_bottom_unselected@2x.png"; sourceTree = "<group>"; };
		B6534ECF242DA9120060D62E /* icon_bottom_unselected@3x.png */ = {isa = PBXFileReference; lastKnownFileType = image.png; path = "icon_bottom_unselected@3x.png"; sourceTree = "<group>"; };
/* End PBXFileReference section */

/* Begin PBXFrameworksBuildPhase section */
		188E2F6223F28AED0071291E /* Frameworks */ = {
			isa = PBXFrameworksBuildPhase;
			buildActionMask = 2147483647;
			files = (
			);
			runOnlyForDeploymentPostprocessing = 0;
		};
		188E2F7823F28AEF0071291E /* Frameworks */ = {
			isa = PBXFrameworksBuildPhase;
			buildActionMask = 2147483647;
			files = (
			);
			runOnlyForDeploymentPostprocessing = 0;
		};
		188E2F8323F28AEF0071291E /* Frameworks */ = {
			isa = PBXFrameworksBuildPhase;
			buildActionMask = 2147483647;
			files = (
			);
			runOnlyForDeploymentPostprocessing = 0;
		};
/* End PBXFrameworksBuildPhase section */

/* Begin PBXGroup section */
		116B94F324222526002D2D72 /* Extension */ = {
			isa = PBXGroup;
			children = (
				116B94F424222544002D2D72 /* Extension.swift */,
			);
			path = Extension;
			sourceTree = "<group>";
		};
		188E2F5C23F28AED0071291E = {
			isa = PBXGroup;
			children = (
				188E2F6723F28AEE0071291E /* QiImagePickerController */,
				188E2F7E23F28AEF0071291E /* QiImagePickerControllerTests */,
				188E2F8923F28AEF0071291E /* QiImagePickerControllerUITests */,
				188E2F6623F28AEE0071291E /* Products */,
			);
			sourceTree = "<group>";
		};
		188E2F6623F28AEE0071291E /* Products */ = {
			isa = PBXGroup;
			children = (
				188E2F6523F28AEE0071291E /* QiImagePickerController.app */,
				188E2F7B23F28AEF0071291E /* QiImagePickerControllerTests.xctest */,
				188E2F8623F28AEF0071291E /* QiImagePickerControllerUITests.xctest */,
			);
			name = Products;
			sourceTree = "<group>";
		};
		188E2F6723F28AEE0071291E /* QiImagePickerController */ = {
			isa = PBXGroup;
			children = (
				188E2F6823F28AEE0071291E /* AppDelegate.swift */,
				188E2F6A23F28AEE0071291E /* SceneDelegate.swift */,
				188E2F6C23F28AEE0071291E /* ViewController.swift */,
				189F285023F28C3000988ACE /* PickerController */,
				188E2F6E23F28AEE0071291E /* Main.storyboard */,
				188E2F7123F28AEF0071291E /* Assets.xcassets */,
				188E2F7323F28AEF0071291E /* LaunchScreen.storyboard */,
				188E2F7623F28AEF0071291E /* Info.plist */,
			);
			path = QiImagePickerController;
			sourceTree = "<group>";
		};
		188E2F7E23F28AEF0071291E /* QiImagePickerControllerTests */ = {
			isa = PBXGroup;
			children = (
				188E2F7F23F28AEF0071291E /* QiImagePickerControllerTests.swift */,
				188E2F8123F28AEF0071291E /* Info.plist */,
			);
			path = QiImagePickerControllerTests;
			sourceTree = "<group>";
		};
		188E2F8923F28AEF0071291E /* QiImagePickerControllerUITests */ = {
			isa = PBXGroup;
			children = (
				188E2F8A23F28AEF0071291E /* QiImagePickerControllerUITests.swift */,
				188E2F8C23F28AEF0071291E /* Info.plist */,
			);
			path = QiImagePickerControllerUITests;
			sourceTree = "<group>";
		};
		189F285023F28C3000988ACE /* PickerController */ = {
			isa = PBXGroup;
			children = (
				B60EE2202423413400DA7FDE /* Sources */,
				116B94F324222526002D2D72 /* Extension */,
				18BE3EAE23FD1EA8000B7F7F /* Resource */,
				189F285C23F64E2E00988ACE /* QiImagePikerManager.swift */,
				189F285223F28F1500988ACE /* QiImagePickerController.swift */,
				189F285E23F6996900988ACE /* QiPhotoViewController.swift */,
				189F285423F2908D00988ACE /* QiAlbumViewController.swift */,
				116B94F824223650002D2D72 /* QiAssetPreviewController.swift */,
				189F285723F5460A00988ACE /* Model */,
				189F285623F2909D00988ACE /* View */,
			);
			path = PickerController;
			sourceTree = "<group>";
		};
		189F285623F2909D00988ACE /* View */ = {
			isa = PBXGroup;
			children = (
				189F286023F6BAC700988ACE /* QiPhotoCell.swift */,
				1895979523FD31EB0019178B /* QiAlbumView.swift */,
				1895979723FD32750019178B /* QiAlbumCell.swift */,
				B60EE24224235FE500DA7FDE /* QiAssetPagePreviewer.swift */,
				B60EE23E24235E9D00DA7FDE /* QiAssetPreviewCell.swift */,
				B60EE21C24231A4500DA7FDE /* QiAssetPreview.swift */,
				B60EE21E24231D0100DA7FDE /* QiPhotoPreview.swift */,
				B60EE23A24234F1900DA7FDE /* QiVideoPreview.swift */,
				B60EE23C2423587C00DA7FDE /* QiLivePhotoPreview.swift */,
				B62A4E3F2428B8520062CC44 /* QiAssetPreviewTopView.swift */,
				B6534EC8242D9F3B0060D62E /* QiAssetPreviewBottomView.swift */,
				B62A4E412428B86C0062CC44 /* QiAssetPickerBottomView.swift */,
			);
			path = View;
			sourceTree = "<group>";
		};
		189F285723F5460A00988ACE /* Model */ = {
			isa = PBXGroup;
			children = (
				189F285823F5465C00988ACE /* QiAlbumModel.swift */,
				189F285A23F54A6200988ACE /* QiAssetModel.swift */,
			);
			path = Model;
			sourceTree = "<group>";
		};
		18BE3EAE23FD1EA8000B7F7F /* Resource */ = {
			isa = PBXGroup;
			children = (
				B6534ECD242DA9120060D62E /* icon_bottom_select@2x.png */,
				B6534ECC242DA9120060D62E /* icon_bottom_select@3x.png */,
				B6534ECE242DA9120060D62E /* icon_bottom_unselected@2x.png */,
				B6534ECF242DA9120060D62E /* icon_bottom_unselected@3x.png */,
				B62A4E452428C2CC0062CC44 /* icon_navi_mark@2x.png */,
				18BE3EAF23FD1F66000B7F7F /* icon_video@2x.png */,
				B60EE24424236E8000DA7FDE /* icon_play@2x.png */,
				B62A4E432428B9620062CC44 /* icon_navi_back@2x.png */,
			);
			path = Resource;
			sourceTree = "<group>";
		};
		B60EE2202423413400DA7FDE /* Sources */ = {
			isa = PBXGroup;
			children = (
				B60EE2212423413400DA7FDE /* Gifu.h */,
				B60EE2222423413400DA7FDE /* Gifu */,
			);
			path = Sources;
			sourceTree = "<group>";
		};
		B60EE2222423413400DA7FDE /* Gifu */ = {
			isa = PBXGroup;
			children = (
				B60EE2232423413400DA7FDE /* Classes */,
				B60EE2292423413400DA7FDE /* Extensions */,
				B60EE22E2423413400DA7FDE /* Helpers */,
			);
			path = Gifu;
			sourceTree = "<group>";
		};
		B60EE2232423413400DA7FDE /* Classes */ = {
			isa = PBXGroup;
			children = (
				B60EE2242423413400DA7FDE /* FrameStore.swift */,
				B60EE2252423413400DA7FDE /* GIFAnimatable.swift */,
				B60EE2262423413400DA7FDE /* AnimatedFrame.swift */,
				B60EE2272423413400DA7FDE /* Animator.swift */,
				B60EE2282423413400DA7FDE /* GIFImageView.swift */,
			);
			path = Classes;
			sourceTree = "<group>";
		};
		B60EE2292423413400DA7FDE /* Extensions */ = {
			isa = PBXGroup;
			children = (
				B60EE22A2423413400DA7FDE /* Array.swift */,
				B60EE22B2423413400DA7FDE /* CGSize.swift */,
				B60EE22C2423413400DA7FDE /* UIImage.swift */,
				B60EE22D2423413400DA7FDE /* UIImageView.swift */,
			);
			path = Extensions;
			sourceTree = "<group>";
		};
		B60EE22E2423413400DA7FDE /* Helpers */ = {
			isa = PBXGroup;
			children = (
				B60EE22F2423413400DA7FDE /* ImageSourceHelpers.swift */,
			);
			path = Helpers;
			sourceTree = "<group>";
		};
/* End PBXGroup section */

/* Begin PBXNativeTarget section */
		188E2F6423F28AED0071291E /* QiImagePickerController */ = {
			isa = PBXNativeTarget;
			buildConfigurationList = 188E2F8F23F28AEF0071291E /* Build configuration list for PBXNativeTarget "QiImagePickerController" */;
			buildPhases = (
				188E2F6123F28AED0071291E /* Sources */,
				188E2F6223F28AED0071291E /* Frameworks */,
				188E2F6323F28AED0071291E /* Resources */,
			);
			buildRules = (
			);
			dependencies = (
			);
			name = QiImagePickerController;
			productName = QiImagePickerController;
			productReference = 188E2F6523F28AEE0071291E /* QiImagePickerController.app */;
			productType = "com.apple.product-type.application";
		};
		188E2F7A23F28AEF0071291E /* QiImagePickerControllerTests */ = {
			isa = PBXNativeTarget;
			buildConfigurationList = 188E2F9223F28AEF0071291E /* Build configuration list for PBXNativeTarget "QiImagePickerControllerTests" */;
			buildPhases = (
				188E2F7723F28AEF0071291E /* Sources */,
				188E2F7823F28AEF0071291E /* Frameworks */,
				188E2F7923F28AEF0071291E /* Resources */,
			);
			buildRules = (
			);
			dependencies = (
				188E2F7D23F28AEF0071291E /* PBXTargetDependency */,
			);
			name = QiImagePickerControllerTests;
			productName = QiImagePickerControllerTests;
			productReference = 188E2F7B23F28AEF0071291E /* QiImagePickerControllerTests.xctest */;
			productType = "com.apple.product-type.bundle.unit-test";
		};
		188E2F8523F28AEF0071291E /* QiImagePickerControllerUITests */ = {
			isa = PBXNativeTarget;
			buildConfigurationList = 188E2F9523F28AEF0071291E /* Build configuration list for PBXNativeTarget "QiImagePickerControllerUITests" */;
			buildPhases = (
				188E2F8223F28AEF0071291E /* Sources */,
				188E2F8323F28AEF0071291E /* Frameworks */,
				188E2F8423F28AEF0071291E /* Resources */,
			);
			buildRules = (
			);
			dependencies = (
				188E2F8823F28AEF0071291E /* PBXTargetDependency */,
			);
			name = QiImagePickerControllerUITests;
			productName = QiImagePickerControllerUITests;
			productReference = 188E2F8623F28AEF0071291E /* QiImagePickerControllerUITests.xctest */;
			productType = "com.apple.product-type.bundle.ui-testing";
		};
/* End PBXNativeTarget section */

/* Begin PBXProject section */
		188E2F5D23F28AED0071291E /* Project object */ = {
			isa = PBXProject;
			attributes = {
				LastSwiftUpdateCheck = 1130;
				LastUpgradeCheck = 1130;
				ORGANIZATIONNAME = QiShare;
				TargetAttributes = {
					188E2F6423F28AED0071291E = {
						CreatedOnToolsVersion = 11.3.1;
					};
					188E2F7A23F28AEF0071291E = {
						CreatedOnToolsVersion = 11.3.1;
						TestTargetID = 188E2F6423F28AED0071291E;
					};
					188E2F8523F28AEF0071291E = {
						CreatedOnToolsVersion = 11.3.1;
						TestTargetID = 188E2F6423F28AED0071291E;
					};
				};
			};
			buildConfigurationList = 188E2F6023F28AED0071291E /* Build configuration list for PBXProject "QiImagePickerController" */;
			compatibilityVersion = "Xcode 9.3";
			developmentRegion = en;
			hasScannedForEncodings = 0;
			knownRegions = (
				en,
				Base,
				"zh-Hans",
			);
			mainGroup = 188E2F5C23F28AED0071291E;
			productRefGroup = 188E2F6623F28AEE0071291E /* Products */;
			projectDirPath = "";
			projectRoot = "";
			targets = (
				188E2F6423F28AED0071291E /* QiImagePickerController */,
				188E2F7A23F28AEF0071291E /* QiImagePickerControllerTests */,
				188E2F8523F28AEF0071291E /* QiImagePickerControllerUITests */,
			);
		};
/* End PBXProject section */

/* Begin PBXResourcesBuildPhase section */
		188E2F6323F28AED0071291E /* Resources */ = {
			isa = PBXResourcesBuildPhase;
			buildActionMask = 2147483647;
			files = (
				188E2F7523F28AEF0071291E /* LaunchScreen.storyboard in Resources */,
				18BE3EB023FD1F66000B7F7F /* icon_video@2x.png in Resources */,
				188E2F7223F28AEF0071291E /* Assets.xcassets in Resources */,
				B6534ED1242DA9120060D62E /* icon_bottom_select@2x.png in Resources */,
				B6534ED3242DA9120060D62E /* icon_bottom_unselected@3x.png in Resources */,
				B6534ED0242DA9120060D62E /* icon_bottom_select@3x.png in Resources */,
				B62A4E462428C2CC0062CC44 /* icon_navi_mark@2x.png in Resources */,
				B60EE24524236E8000DA7FDE /* icon_play@2x.png in Resources */,
				B62A4E442428B9620062CC44 /* icon_navi_back@2x.png in Resources */,
				B6534ED2242DA9120060D62E /* icon_bottom_unselected@2x.png in Resources */,
				188E2F7023F28AEE0071291E /* Main.storyboard in Resources */,
			);
			runOnlyForDeploymentPostprocessing = 0;
		};
		188E2F7923F28AEF0071291E /* Resources */ = {
			isa = PBXResourcesBuildPhase;
			buildActionMask = 2147483647;
			files = (
			);
			runOnlyForDeploymentPostprocessing = 0;
		};
		188E2F8423F28AEF0071291E /* Resources */ = {
			isa = PBXResourcesBuildPhase;
			buildActionMask = 2147483647;
			files = (
			);
			runOnlyForDeploymentPostprocessing = 0;
		};
/* End PBXResourcesBuildPhase section */

/* Begin PBXSourcesBuildPhase section */
		188E2F6123F28AED0071291E /* Sources */ = {
			isa = PBXSourcesBuildPhase;
			buildActionMask = 2147483647;
			files = (
				B62A4E422428B86C0062CC44 /* QiAssetPickerBottomView.swift in Sources */,
				B60EE2332423413400DA7FDE /* Animator.swift in Sources */,
				188E2F6D23F28AEE0071291E /* ViewController.swift in Sources */,
				116B94F524222544002D2D72 /* Extension.swift in Sources */,
				B60EE24324235FE500DA7FDE /* QiAssetPagePreviewer.swift in Sources */,
				189F285B23F54A6200988ACE /* QiAssetModel.swift in Sources */,
				188E2F6923F28AEE0071291E /* AppDelegate.swift in Sources */,
				189F285523F2908D00988ACE /* QiAlbumViewController.swift in Sources */,
				B60EE2382423413400DA7FDE /* UIImageView.swift in Sources */,
				B60EE23B24234F1900DA7FDE /* QiVideoPreview.swift in Sources */,
				B60EE21F24231D0100DA7FDE /* QiPhotoPreview.swift in Sources */,
				189F285923F5465C00988ACE /* QiAlbumModel.swift in Sources */,
				1895979623FD31EB0019178B /* QiAlbumView.swift in Sources */,
				B60EE2372423413400DA7FDE /* UIImage.swift in Sources */,
				188E2F6B23F28AEE0071291E /* SceneDelegate.swift in Sources */,
				B60EE23D2423587C00DA7FDE /* QiLivePhotoPreview.swift in Sources */,
				B62A4E402428B8520062CC44 /* QiAssetPreviewTopView.swift in Sources */,
				1895979823FD32750019178B /* QiAlbumCell.swift in Sources */,
				B60EE21D24231A4500DA7FDE /* QiAssetPreview.swift in Sources */,
				B60EE23F24235E9D00DA7FDE /* QiAssetPreviewCell.swift in Sources */,
				B60EE2342423413400DA7FDE /* GIFImageView.swift in Sources */,
				189F286123F6BAC700988ACE /* QiPhotoCell.swift in Sources */,
				B6534EC9242D9F3B0060D62E /* QiAssetPreviewBottomView.swift in Sources */,
				B60EE2302423413400DA7FDE /* FrameStore.swift in Sources */,
				189F285F23F6996900988ACE /* QiPhotoViewController.swift in Sources */,
				116B94F924223650002D2D72 /* QiAssetPreviewController.swift in Sources */,
				B60EE2362423413400DA7FDE /* CGSize.swift in Sources */,
				B60EE2392423413400DA7FDE /* ImageSourceHelpers.swift in Sources */,
				B60EE2352423413400DA7FDE /* Array.swift in Sources */,
				B60EE2322423413400DA7FDE /* AnimatedFrame.swift in Sources */,
				189F285323F28F1500988ACE /* QiImagePickerController.swift in Sources */,
				B60EE2312423413400DA7FDE /* GIFAnimatable.swift in Sources */,
				189F285D23F64E2E00988ACE /* QiImagePikerManager.swift in Sources */,
			);
			runOnlyForDeploymentPostprocessing = 0;
		};
		188E2F7723F28AEF0071291E /* Sources */ = {
			isa = PBXSourcesBuildPhase;
			buildActionMask = 2147483647;
			files = (
				188E2F8023F28AEF0071291E /* QiImagePickerControllerTests.swift in Sources */,
			);
			runOnlyForDeploymentPostprocessing = 0;
		};
		188E2F8223F28AEF0071291E /* Sources */ = {
			isa = PBXSourcesBuildPhase;
			buildActionMask = 2147483647;
			files = (
				188E2F8B23F28AEF0071291E /* QiImagePickerControllerUITests.swift in Sources */,
			);
			runOnlyForDeploymentPostprocessing = 0;
		};
/* End PBXSourcesBuildPhase section */

/* Begin PBXTargetDependency section */
		188E2F7D23F28AEF0071291E /* PBXTargetDependency */ = {
			isa = PBXTargetDependency;
			target = 188E2F6423F28AED0071291E /* QiImagePickerController */;
			targetProxy = 188E2F7C23F28AEF0071291E /* PBXContainerItemProxy */;
		};
		188E2F8823F28AEF0071291E /* PBXTargetDependency */ = {
			isa = PBXTargetDependency;
			target = 188E2F6423F28AED0071291E /* QiImagePickerController */;
			targetProxy = 188E2F8723F28AEF0071291E /* PBXContainerItemProxy */;
		};
/* End PBXTargetDependency section */

/* Begin PBXVariantGroup section */
		188E2F6E23F28AEE0071291E /* Main.storyboard */ = {
			isa = PBXVariantGroup;
			children = (
				188E2F6F23F28AEE0071291E /* Base */,
				116B94F624222BCD002D2D72 /* zh-Hans */,
			);
			name = Main.storyboard;
			sourceTree = "<group>";
		};
		188E2F7323F28AEF0071291E /* LaunchScreen.storyboard */ = {
			isa = PBXVariantGroup;
			children = (
				188E2F7423F28AEF0071291E /* Base */,
				116B94F724222BCD002D2D72 /* zh-Hans */,
			);
			name = LaunchScreen.storyboard;
			sourceTree = "<group>";
		};
/* End PBXVariantGroup section */

/* Begin XCBuildConfiguration section */
		188E2F8D23F28AEF0071291E /* Debug */ = {
			isa = XCBuildConfiguration;
			buildSettings = {
				ALWAYS_SEARCH_USER_PATHS = NO;
				CLANG_ANALYZER_LOCALIZABILITY_NONLOCALIZED = YES;
				CLANG_ANALYZER_NONNULL = YES;
				CLANG_ANALYZER_NUMBER_OBJECT_CONVERSION = YES_AGGRESSIVE;
				CLANG_CXX_LANGUAGE_STANDARD = "gnu++14";
				CLANG_CXX_LIBRARY = "libc++";
				CLANG_ENABLE_MODULES = YES;
				CLANG_ENABLE_OBJC_ARC = YES;
				CLANG_ENABLE_OBJC_WEAK = YES;
				CLANG_WARN_BLOCK_CAPTURE_AUTORELEASING = YES;
				CLANG_WARN_BOOL_CONVERSION = YES;
				CLANG_WARN_COMMA = YES;
				CLANG_WARN_CONSTANT_CONVERSION = YES;
				CLANG_WARN_DEPRECATED_OBJC_IMPLEMENTATIONS = YES;
				CLANG_WARN_DIRECT_OBJC_ISA_USAGE = YES_ERROR;
				CLANG_WARN_DOCUMENTATION_COMMENTS = YES;
				CLANG_WARN_EMPTY_BODY = YES;
				CLANG_WARN_ENUM_CONVERSION = YES;
				CLANG_WARN_INFINITE_RECURSION = YES;
				CLANG_WARN_INT_CONVERSION = YES;
				CLANG_WARN_NON_LITERAL_NULL_CONVERSION = YES;
				CLANG_WARN_OBJC_IMPLICIT_RETAIN_SELF = YES;
				CLANG_WARN_OBJC_LITERAL_CONVERSION = YES;
				CLANG_WARN_OBJC_ROOT_CLASS = YES_ERROR;
				CLANG_WARN_RANGE_LOOP_ANALYSIS = YES;
				CLANG_WARN_STRICT_PROTOTYPES = YES;
				CLANG_WARN_SUSPICIOUS_MOVE = YES;
				CLANG_WARN_UNGUARDED_AVAILABILITY = YES_AGGRESSIVE;
				CLANG_WARN_UNREACHABLE_CODE = YES;
				CLANG_WARN__DUPLICATE_METHOD_MATCH = YES;
				COPY_PHASE_STRIP = NO;
				DEBUG_INFORMATION_FORMAT = dwarf;
				ENABLE_STRICT_OBJC_MSGSEND = YES;
				ENABLE_TESTABILITY = YES;
				GCC_C_LANGUAGE_STANDARD = gnu11;
				GCC_DYNAMIC_NO_PIC = NO;
				GCC_NO_COMMON_BLOCKS = YES;
				GCC_OPTIMIZATION_LEVEL = 0;
				GCC_PREPROCESSOR_DEFINITIONS = (
					"DEBUG=1",
					"$(inherited)",
				);
				GCC_WARN_64_TO_32_BIT_CONVERSION = YES;
				GCC_WARN_ABOUT_RETURN_TYPE = YES_ERROR;
				GCC_WARN_UNDECLARED_SELECTOR = YES;
				GCC_WARN_UNINITIALIZED_AUTOS = YES_AGGRESSIVE;
				GCC_WARN_UNUSED_FUNCTION = YES;
				GCC_WARN_UNUSED_VARIABLE = YES;
				IPHONEOS_DEPLOYMENT_TARGET = 13.2;
				MTL_ENABLE_DEBUG_INFO = INCLUDE_SOURCE;
				MTL_FAST_MATH = YES;
				ONLY_ACTIVE_ARCH = YES;
				SDKROOT = iphoneos;
				SWIFT_ACTIVE_COMPILATION_CONDITIONS = DEBUG;
				SWIFT_OPTIMIZATION_LEVEL = "-Onone";
			};
			name = Debug;
		};
		188E2F8E23F28AEF0071291E /* Release */ = {
			isa = XCBuildConfiguration;
			buildSettings = {
				ALWAYS_SEARCH_USER_PATHS = NO;
				CLANG_ANALYZER_LOCALIZABILITY_NONLOCALIZED = YES;
				CLANG_ANALYZER_NONNULL = YES;
				CLANG_ANALYZER_NUMBER_OBJECT_CONVERSION = YES_AGGRESSIVE;
				CLANG_CXX_LANGUAGE_STANDARD = "gnu++14";
				CLANG_CXX_LIBRARY = "libc++";
				CLANG_ENABLE_MODULES = YES;
				CLANG_ENABLE_OBJC_ARC = YES;
				CLANG_ENABLE_OBJC_WEAK = YES;
				CLANG_WARN_BLOCK_CAPTURE_AUTORELEASING = YES;
				CLANG_WARN_BOOL_CONVERSION = YES;
				CLANG_WARN_COMMA = YES;
				CLANG_WARN_CONSTANT_CONVERSION = YES;
				CLANG_WARN_DEPRECATED_OBJC_IMPLEMENTATIONS = YES;
				CLANG_WARN_DIRECT_OBJC_ISA_USAGE = YES_ERROR;
				CLANG_WARN_DOCUMENTATION_COMMENTS = YES;
				CLANG_WARN_EMPTY_BODY = YES;
				CLANG_WARN_ENUM_CONVERSION = YES;
				CLANG_WARN_INFINITE_RECURSION = YES;
				CLANG_WARN_INT_CONVERSION = YES;
				CLANG_WARN_NON_LITERAL_NULL_CONVERSION = YES;
				CLANG_WARN_OBJC_IMPLICIT_RETAIN_SELF = YES;
				CLANG_WARN_OBJC_LITERAL_CONVERSION = YES;
				CLANG_WARN_OBJC_ROOT_CLASS = YES_ERROR;
				CLANG_WARN_RANGE_LOOP_ANALYSIS = YES;
				CLANG_WARN_STRICT_PROTOTYPES = YES;
				CLANG_WARN_SUSPICIOUS_MOVE = YES;
				CLANG_WARN_UNGUARDED_AVAILABILITY = YES_AGGRESSIVE;
				CLANG_WARN_UNREACHABLE_CODE = YES;
				CLANG_WARN__DUPLICATE_METHOD_MATCH = YES;
				COPY_PHASE_STRIP = NO;
				DEBUG_INFORMATION_FORMAT = "dwarf-with-dsym";
				ENABLE_NS_ASSERTIONS = NO;
				ENABLE_STRICT_OBJC_MSGSEND = YES;
				GCC_C_LANGUAGE_STANDARD = gnu11;
				GCC_NO_COMMON_BLOCKS = YES;
				GCC_WARN_64_TO_32_BIT_CONVERSION = YES;
				GCC_WARN_ABOUT_RETURN_TYPE = YES_ERROR;
				GCC_WARN_UNDECLARED_SELECTOR = YES;
				GCC_WARN_UNINITIALIZED_AUTOS = YES_AGGRESSIVE;
				GCC_WARN_UNUSED_FUNCTION = YES;
				GCC_WARN_UNUSED_VARIABLE = YES;
				IPHONEOS_DEPLOYMENT_TARGET = 13.2;
				MTL_ENABLE_DEBUG_INFO = NO;
				MTL_FAST_MATH = YES;
				SDKROOT = iphoneos;
				SWIFT_COMPILATION_MODE = wholemodule;
				SWIFT_OPTIMIZATION_LEVEL = "-O";
				VALIDATE_PRODUCT = YES;
			};
			name = Release;
		};
		188E2F9023F28AEF0071291E /* Debug */ = {
			isa = XCBuildConfiguration;
			buildSettings = {
				ASSETCATALOG_COMPILER_APPICON_NAME = AppIcon;
				CODE_SIGN_STYLE = Automatic;
				DEVELOPMENT_TEAM = 8ZX24TX624;
				INFOPLIST_FILE = QiImagePickerController/Info.plist;
				LD_RUNPATH_SEARCH_PATHS = (
					"$(inherited)",
					"@executable_path/Frameworks",
				);
				PRODUCT_BUNDLE_IDENTIFIER = com.qishare.qly.QiImagePickerController;
				PRODUCT_NAME = "$(TARGET_NAME)";
				SWIFT_VERSION = 5.0;
				TARGETED_DEVICE_FAMILY = "1,2";
			};
			name = Debug;
		};
		188E2F9123F28AEF0071291E /* Release */ = {
			isa = XCBuildConfiguration;
			buildSettings = {
				ASSETCATALOG_COMPILER_APPICON_NAME = AppIcon;
				CODE_SIGN_STYLE = Automatic;
				DEVELOPMENT_TEAM = 8ZX24TX624;
				INFOPLIST_FILE = QiImagePickerController/Info.plist;
				LD_RUNPATH_SEARCH_PATHS = (
					"$(inherited)",
					"@executable_path/Frameworks",
				);
				PRODUCT_BUNDLE_IDENTIFIER = com.qishare.qly.QiImagePickerController;
				PRODUCT_NAME = "$(TARGET_NAME)";
				SWIFT_VERSION = 5.0;
				TARGETED_DEVICE_FAMILY = "1,2";
			};
			name = Release;
		};
		188E2F9323F28AEF0071291E /* Debug */ = {
			isa = XCBuildConfiguration;
			buildSettings = {
				ALWAYS_EMBED_SWIFT_STANDARD_LIBRARIES = YES;
				BUNDLE_LOADER = "$(TEST_HOST)";
				CODE_SIGN_STYLE = Automatic;
				DEVELOPMENT_TEAM = 2EMHT2JDZ2;
				INFOPLIST_FILE = QiImagePickerControllerTests/Info.plist;
				IPHONEOS_DEPLOYMENT_TARGET = 13.2;
				LD_RUNPATH_SEARCH_PATHS = (
					"$(inherited)",
					"@executable_path/Frameworks",
					"@loader_path/Frameworks",
				);
				PRODUCT_BUNDLE_IDENTIFIER = com.qishare.wally.QiImagePickerControllerTests;
				PRODUCT_NAME = "$(TARGET_NAME)";
				SWIFT_VERSION = 5.0;
				TARGETED_DEVICE_FAMILY = "1,2";
				TEST_HOST = "$(BUILT_PRODUCTS_DIR)/QiImagePickerController.app/QiImagePickerController";
			};
			name = Debug;
		};
		188E2F9423F28AEF0071291E /* Release */ = {
			isa = XCBuildConfiguration;
			buildSettings = {
				ALWAYS_EMBED_SWIFT_STANDARD_LIBRARIES = YES;
				BUNDLE_LOADER = "$(TEST_HOST)";
				CODE_SIGN_STYLE = Automatic;
				DEVELOPMENT_TEAM = 2EMHT2JDZ2;
				INFOPLIST_FILE = QiImagePickerControllerTests/Info.plist;
				IPHONEOS_DEPLOYMENT_TARGET = 13.2;
				LD_RUNPATH_SEARCH_PATHS = (
					"$(inherited)",
					"@executable_path/Frameworks",
					"@loader_path/Frameworks",
				);
				PRODUCT_BUNDLE_IDENTIFIER = com.qishare.wally.QiImagePickerControllerTests;
				PRODUCT_NAME = "$(TARGET_NAME)";
				SWIFT_VERSION = 5.0;
				TARGETED_DEVICE_FAMILY = "1,2";
				TEST_HOST = "$(BUILT_PRODUCTS_DIR)/QiImagePickerController.app/QiImagePickerController";
			};
			name = Release;
		};
		188E2F9623F28AEF0071291E /* Debug */ = {
			isa = XCBuildConfiguration;
			buildSettings = {
				ALWAYS_EMBED_SWIFT_STANDARD_LIBRARIES = YES;
				CODE_SIGN_STYLE = Automatic;
				DEVELOPMENT_TEAM = 2EMHT2JDZ2;
				INFOPLIST_FILE = QiImagePickerControllerUITests/Info.plist;
				LD_RUNPATH_SEARCH_PATHS = (
					"$(inherited)",
					"@executable_path/Frameworks",
					"@loader_path/Frameworks",
				);
				PRODUCT_BUNDLE_IDENTIFIER = com.qishare.wally.QiImagePickerControllerUITests;
				PRODUCT_NAME = "$(TARGET_NAME)";
				SWIFT_VERSION = 5.0;
				TARGETED_DEVICE_FAMILY = "1,2";
				TEST_TARGET_NAME = QiImagePickerController;
			};
			name = Debug;
		};
		188E2F9723F28AEF0071291E /* Release */ = {
			isa = XCBuildConfiguration;
			buildSettings = {
				ALWAYS_EMBED_SWIFT_STANDARD_LIBRARIES = YES;
				CODE_SIGN_STYLE = Automatic;
				DEVELOPMENT_TEAM = 2EMHT2JDZ2;
				INFOPLIST_FILE = QiImagePickerControllerUITests/Info.plist;
				LD_RUNPATH_SEARCH_PATHS = (
					"$(inherited)",
					"@executable_path/Frameworks",
					"@loader_path/Frameworks",
				);
				PRODUCT_BUNDLE_IDENTIFIER = com.qishare.wally.QiImagePickerControllerUITests;
				PRODUCT_NAME = "$(TARGET_NAME)";
				SWIFT_VERSION = 5.0;
				TARGETED_DEVICE_FAMILY = "1,2";
				TEST_TARGET_NAME = QiImagePickerController;
			};
			name = Release;
		};
/* End XCBuildConfiguration section */

/* Begin XCConfigurationList section */
		188E2F6023F28AED0071291E /* Build configuration list for PBXProject "QiImagePickerController" */ = {
			isa = XCConfigurationList;
			buildConfigurations = (
				188E2F8D23F28AEF0071291E /* Debug */,
				188E2F8E23F28AEF0071291E /* Release */,
			);
			defaultConfigurationIsVisible = 0;
			defaultConfigurationName = Release;
		};
		188E2F8F23F28AEF0071291E /* Build configuration list for PBXNativeTarget "QiImagePickerController" */ = {
			isa = XCConfigurationList;
			buildConfigurations = (
				188E2F9023F28AEF0071291E /* Debug */,
				188E2F9123F28AEF0071291E /* Release */,
			);
			defaultConfigurationIsVisible = 0;
			defaultConfigurationName = Release;
		};
		188E2F9223F28AEF0071291E /* Build configuration list for PBXNativeTarget "QiImagePickerControllerTests" */ = {
			isa = XCConfigurationList;
			buildConfigurations = (
				188E2F9323F28AEF0071291E /* Debug */,
				188E2F9423F28AEF0071291E /* Release */,
			);
			defaultConfigurationIsVisible = 0;
			defaultConfigurationName = Release;
		};
		188E2F9523F28AEF0071291E /* Build configuration list for PBXNativeTarget "QiImagePickerControllerUITests" */ = {
			isa = XCConfigurationList;
			buildConfigurations = (
				188E2F9623F28AEF0071291E /* Debug */,
				188E2F9723F28AEF0071291E /* Release */,
			);
			defaultConfigurationIsVisible = 0;
			defaultConfigurationName = Release;
		};
/* End XCConfigurationList section */
	};
	rootObject = 188E2F5D23F28AED0071291E /* Project object */;
}
